
Microsoft Visual Studio Solution File, Format Version 12.00
# Visual Studio Version 17
VisualStudioVersion = 17.0.31903.59
MinimumVisualStudioVersion = 10.0.40219.1
Project("{FAE04EC0-301F-11D3-BF4B-00C04F79EFBC}") = "Portal", "Portal\Portal.csproj", "{AB700913-6C46-4797-8FC5-A8AB94F3B24E}"
EndProject
Project("{FAE04EC0-301F-11D3-BF4B-00C04F79EFBC}") = "BLL", "BLL\BLL.CSPROJ", "{3E927F80-CAD8-40BE-8AE5-BED5F5E12EBD}"
EndProject
Project("{FAE04EC0-301F-11D3-BF4B-00C04F79EFBC}") = "BOL", "BOL\BOL.CSPROJ", "{D5D1B8D7-95DF-41C2-82C3-E6FBE07676BD}"
EndProject
Project("{FAE04EC0-301F-11D3-BF4B-00C04F79EFBC}") = "DAL", "DAL\DAL.CSPROJ", "{E575F002-36C9-4EA4-BC12-D9A920BC6DE9}"
EndProject
Global
	GlobalSection(SolutionConfigurationPlatforms) = preSolution
		Debug|Any CPU = Debug|Any CPU
		Release|Any CPU = Release|Any CPU
	EndGlobalSection
	GlobalSection(SolutionProperties) = preSolution
		HideSolutionNode = FALSE
	EndGlobalSection
	GlobalSection(ProjectConfigurationPlatforms) = postSolution
		{AB700913-6C46-4797-8FC5-A8AB94F3B24E}.Debug|Any CPU.ActiveCfg = Debug|Any CPU
		{AB700913-6C46-4797-8FC5-A8AB94F3B24E}.Debug|Any CPU.Build.0 = Debug|Any CPU
		{AB700913-6C46-4797-8FC5-A8AB94F3B24E}.Release|Any CPU.ActiveCfg = Release|Any CPU
		{AB700913-6C46-4797-8FC5-A8AB94F3B24E}.Release|Any CPU.Build.0 = Release|Any CPU
		{3E927F80-CAD8-40BE-8AE5-BED5F5E12EBD}.Debug|Any CPU.ActiveCfg = Debug|Any CPU
		{3E927F80-CAD8-40BE-8AE5-BED5F5E12EBD}.Debug|Any CPU.Build.0 = Debug|Any CPU
		{3E927F80-CAD8-40BE-8AE5-BED5F5E12EBD}.Release|Any CPU.ActiveCfg = Release|Any CPU
		{3E927F80-CAD8-40BE-8AE5-BED5F5E12EBD}.Release|Any CPU.Build.0 = Release|Any CPU
		{D5D1B8D7-95DF-41C2-82C3-E6FBE07676BD}.Debug|Any CPU.ActiveCfg = Debug|Any CPU
		{D5D1B8D7-95DF-41C2-82C3-E6FBE07676BD}.Debug|Any CPU.Build.0 = Debug|Any CPU
		{D5D1B8D7-95DF-41C2-82C3-E6FBE07676BD}.Release|Any CPU.ActiveCfg = Release|Any CPU
		{D5D1B8D7-95DF-41C2-82C3-E6FBE07676BD}.Release|Any CPU.Build.0 = Release|Any CPU
		{E575F002-36C9-4EA4-BC12-D9A920BC6DE9}.Debug|Any CPU.ActiveCfg = Debug|Any CPU
		{E575F002-36C9-4EA4-BC12-D9A920BC6DE9}.Debug|Any CPU.Build.0 = Debug|Any CPU
		{E575F002-36C9-4EA4-BC12-D9A920BC6DE9}.Release|Any CPU.ActiveCfg = Release|Any CPU
		{E575F002-36C9-4EA4-BC12-D9A920BC6DE9}.Release|Any CPU.Build.0 = Release|Any CPU
	EndGlobalSection
EndGlobal
